
Microsoft Visual Studio Solution File, Format Version 12.00
Project("{2150E333-8FDC-42A3-9474-1A3956D46DE8}") = "SOLID", "SOLID", "{08216BD5-7F35-46AD-8350-4124CFB5A42D}"
EndProject
Project("{2150E333-8FDC-42A3-9474-1A3956D46DE8}") = "Creational", "Creational", "{4ED9F4EE-9BB3-4819-AAC3-E230690E581B}"
EndProject
Project("{2150E333-8FDC-42A3-9474-1A3956D46DE8}") = "Behavioral", "Behavioral", "{BE680709-0736-4EEA-8F04-E7498455B7F4}"
EndProject
Project("{2150E333-8FDC-42A3-9474-1A3956D46DE8}") = "Structural", "Structural", "{12117B30-318C-46A0-93E3-D09DE6E71B0D}"
EndProject
Project("{FAE04EC0-301F-11D3-BF4B-00C04F79EFBC}") = "OpenClose", "SOLID\OpenClose\OpenClose.csproj", "{4119C28A-3080-4C7E-9508-C25129D7B733}"
EndProject
Project("{FAE04EC0-301F-11D3-BF4B-00C04F79EFBC}") = "LiskovSubstitution", "SOLID\LiskovSubstitution\LiskovSubstitution\LiskovSubstitution.csproj", "{E97A18CE-2AEF-4FB4-91F6-CC5176C64EB4}"
EndProject
Project("{FAE04EC0-301F-11D3-BF4B-00C04F79EFBC}") = "InterfaceSegregation", "SOLID\InterfaceSegregation\InterfaceSegregation.csproj", "{9A77D702-FC9A-40BB-B57F-8E6500062188}"
EndProject
Project("{FAE04EC0-301F-11D3-BF4B-00C04F79EFBC}") = "DependencyInversion", "SOLID\DependencyInversion\DependencyInversion.csproj", "{6DF52CDD-C744-430D-80A2-23B1A69B401F}"
EndProject
Project("{FAE04EC0-301F-11D3-BF4B-00C04F79EFBC}") = "Strategy", "Behavioral\Strategy\Strategy.csproj", "{03D0C52B-BAEF-472E-9D51-84E0BFA29847}"
EndProject
Project("{FAE04EC0-301F-11D3-BF4B-00C04F79EFBC}") = "Mediator", "Behavioral\Mediator\Mediator.csproj", "{64FD9F93-5397-4968-849B-0ACFE2C2900A}"
EndProject
Project("{FAE04EC0-301F-11D3-BF4B-00C04F79EFBC}") = "Factory", "Creational\Factory\Factory.csproj", "{D287203E-F5C7-40CE-AE8F-D42C3380902A}"
EndProject
Project("{FAE04EC0-301F-11D3-BF4B-00C04F79EFBC}") = "Singleton", "Creational\Singleton\Singleton.csproj", "{4C92521E-AAD6-4178-BCCE-11262562435E}"
EndProject
Project("{FAE04EC0-301F-11D3-BF4B-00C04F79EFBC}") = "SingleResponsibility", "SOLID\SingleResponsibility\SingleResponsibility.csproj", "{3B871A3E-E9CC-4C18-A964-C9493BB2EC44}"
EndProject
Global
	GlobalSection(SolutionConfigurationPlatforms) = preSolution
		Debug|Any CPU = Debug|Any CPU
		Release|Any CPU = Release|Any CPU
	EndGlobalSection
	GlobalSection(ProjectConfigurationPlatforms) = postSolution
		{4119C28A-3080-4C7E-9508-C25129D7B733}.Debug|Any CPU.ActiveCfg = Debug|Any CPU
		{4119C28A-3080-4C7E-9508-C25129D7B733}.Debug|Any CPU.Build.0 = Debug|Any CPU
		{4119C28A-3080-4C7E-9508-C25129D7B733}.Release|Any CPU.ActiveCfg = Release|Any CPU
		{4119C28A-3080-4C7E-9508-C25129D7B733}.Release|Any CPU.Build.0 = Release|Any CPU
		{E97A18CE-2AEF-4FB4-91F6-CC5176C64EB4}.Debug|Any CPU.ActiveCfg = Debug|Any CPU
		{E97A18CE-2AEF-4FB4-91F6-CC5176C64EB4}.Debug|Any CPU.Build.0 = Debug|Any CPU
		{E97A18CE-2AEF-4FB4-91F6-CC5176C64EB4}.Release|Any CPU.ActiveCfg = Release|Any CPU
		{E97A18CE-2AEF-4FB4-91F6-CC5176C64EB4}.Release|Any CPU.Build.0 = Release|Any CPU
		{9A77D702-FC9A-40BB-B57F-8E6500062188}.Debug|Any CPU.ActiveCfg = Debug|Any CPU
		{9A77D702-FC9A-40BB-B57F-8E6500062188}.Debug|Any CPU.Build.0 = Debug|Any CPU
		{9A77D702-FC9A-40BB-B57F-8E6500062188}.Release|Any CPU.ActiveCfg = Release|Any CPU
		{9A77D702-FC9A-40BB-B57F-8E6500062188}.Release|Any CPU.Build.0 = Release|Any CPU
		{6DF52CDD-C744-430D-80A2-23B1A69B401F}.Debug|Any CPU.ActiveCfg = Debug|Any CPU
		{6DF52CDD-C744-430D-80A2-23B1A69B401F}.Debug|Any CPU.Build.0 = Debug|Any CPU
		{6DF52CDD-C744-430D-80A2-23B1A69B401F}.Release|Any CPU.ActiveCfg = Release|Any CPU
		{6DF52CDD-C744-430D-80A2-23B1A69B401F}.Release|Any CPU.Build.0 = Release|Any CPU
		{03D0C52B-BAEF-472E-9D51-84E0BFA29847}.Debug|Any CPU.ActiveCfg = Debug|Any CPU
		{03D0C52B-BAEF-472E-9D51-84E0BFA29847}.Debug|Any CPU.Build.0 = Debug|Any CPU
		{03D0C52B-BAEF-472E-9D51-84E0BFA29847}.Release|Any CPU.ActiveCfg = Release|Any CPU
		{03D0C52B-BAEF-472E-9D51-84E0BFA29847}.Release|Any CPU.Build.0 = Release|Any CPU
		{64FD9F93-5397-4968-849B-0ACFE2C2900A}.Debug|Any CPU.ActiveCfg = Debug|Any CPU
		{64FD9F93-5397-4968-849B-0ACFE2C2900A}.Debug|Any CPU.Build.0 = Debug|Any CPU
		{64FD9F93-5397-4968-849B-0ACFE2C2900A}.Release|Any CPU.ActiveCfg = Release|Any CPU
		{64FD9F93-5397-4968-849B-0ACFE2C2900A}.Release|Any CPU.Build.0 = Release|Any CPU
		{D287203E-F5C7-40CE-AE8F-D42C3380902A}.Debug|Any CPU.ActiveCfg = Debug|Any CPU
		{D287203E-F5C7-40CE-AE8F-D42C3380902A}.Debug|Any CPU.Build.0 = Debug|Any CPU
		{D287203E-F5C7-40CE-AE8F-D42C3380902A}.Release|Any CPU.ActiveCfg = Release|Any CPU
		{D287203E-F5C7-40CE-AE8F-D42C3380902A}.Release|Any CPU.Build.0 = Release|Any CPU
		{4C92521E-AAD6-4178-BCCE-11262562435E}.Debug|Any CPU.ActiveCfg = Debug|Any CPU
		{4C92521E-AAD6-4178-BCCE-11262562435E}.Debug|Any CPU.Build.0 = Debug|Any CPU
		{4C92521E-AAD6-4178-BCCE-11262562435E}.Release|Any CPU.ActiveCfg = Release|Any CPU
		{4C92521E-AAD6-4178-BCCE-11262562435E}.Release|Any CPU.Build.0 = Release|Any CPU
		{3B871A3E-E9CC-4C18-A964-C9493BB2EC44}.Debug|Any CPU.ActiveCfg = Debug|Any CPU
		{3B871A3E-E9CC-4C18-A964-C9493BB2EC44}.Debug|Any CPU.Build.0 = Debug|Any CPU
		{3B871A3E-E9CC-4C18-A964-C9493BB2EC44}.Release|Any CPU.ActiveCfg = Release|Any CPU
		{3B871A3E-E9CC-4C18-A964-C9493BB2EC44}.Release|Any CPU.Build.0 = Release|Any CPU
	EndGlobalSection
	GlobalSection(NestedProjects) = preSolution
		{4119C28A-3080-4C7E-9508-C25129D7B733} = {08216BD5-7F35-46AD-8350-4124CFB5A42D}
		{E97A18CE-2AEF-4FB4-91F6-CC5176C64EB4} = {08216BD5-7F35-46AD-8350-4124CFB5A42D}
		{9A77D702-FC9A-40BB-B57F-8E6500062188} = {08216BD5-7F35-46AD-8350-4124CFB5A42D}
		{6DF52CDD-C744-430D-80A2-23B1A69B401F} = {08216BD5-7F35-46AD-8350-4124CFB5A42D}
		{03D0C52B-BAEF-472E-9D51-84E0BFA29847} = {BE680709-0736-4EEA-8F04-E7498455B7F4}
		{64FD9F93-5397-4968-849B-0ACFE2C2900A} = {BE680709-0736-4EEA-8F04-E7498455B7F4}
		{D287203E-F5C7-40CE-AE8F-D42C3380902A} = {4ED9F4EE-9BB3-4819-AAC3-E230690E581B}
		{4C92521E-AAD6-4178-BCCE-11262562435E} = {4ED9F4EE-9BB3-4819-AAC3-E230690E581B}
		{3B871A3E-E9CC-4C18-A964-C9493BB2EC44} = {08216BD5-7F35-46AD-8350-4124CFB5A42D}
	EndGlobalSection
EndGlobal
